// !$*UTF8*$!
{
	archiveVersion = 1;
	classes = {
	};
	objectVersion = 51;
	objects = {

/* Begin PBXBuildFile section */
		6454477F4F41F937264BF394 /* Pods_Instagram.framework in Frameworks */ = {isa = PBXBuildFile; fileRef = 4B132D4D6D8CCAE2FF3797EA /* Pods_Instagram.framework */; };
		A95C0F5224EE207F005A1800 /* GoogleService-Info.plist in Resources */ = {isa = PBXBuildFile; fileRef = A95C0F5124EE207F005A1800 /* GoogleService-Info.plist */; };
		A97CB2CD24EE288B0045F381 /* DatabaseManager.swift in Sources */ = {isa = PBXBuildFile; fileRef = A97CB2CC24EE288B0045F381 /* DatabaseManager.swift */; };
		A97CB2CF24EE29450045F381 /* AuthManager.swift in Sources */ = {isa = PBXBuildFile; fileRef = A97CB2CE24EE29450045F381 /* AuthManager.swift */; };
		A97CB2D124EE2AE20045F381 /* StorageManager.swift in Sources */ = {isa = PBXBuildFile; fileRef = A97CB2D024EE2AE20045F381 /* StorageManager.swift */; };
		A97CB2D324EF8D080045F381 /* Extensions.swift in Sources */ = {isa = PBXBuildFile; fileRef = A97CB2D224EF8D080045F381 /* Extensions.swift */; };
		A99214AB24EDC1D600CADFFF /* AppDelegate.swift in Sources */ = {isa = PBXBuildFile; fileRef = A99214AA24EDC1D600CADFFF /* AppDelegate.swift */; };
		A99214AD24EDC1D600CADFFF /* SceneDelegate.swift in Sources */ = {isa = PBXBuildFile; fileRef = A99214AC24EDC1D600CADFFF /* SceneDelegate.swift */; };
		A99214AF24EDC1D600CADFFF /* HomeViewController.swift in Sources */ = {isa = PBXBuildFile; fileRef = A99214AE24EDC1D600CADFFF /* HomeViewController.swift */; };
		A99214B224EDC1D600CADFFF /* Main.storyboard in Resources */ = {isa = PBXBuildFile; fileRef = A99214B024EDC1D600CADFFF /* Main.storyboard */; };
		A99214B424EDC1D600CADFFF /* Assets.xcassets in Resources */ = {isa = PBXBuildFile; fileRef = A99214B324EDC1D600CADFFF /* Assets.xcassets */; };
		A99214B724EDC1D600CADFFF /* LaunchScreen.storyboard in Resources */ = {isa = PBXBuildFile; fileRef = A99214B524EDC1D600CADFFF /* LaunchScreen.storyboard */; };
		A99214C524EDEEB000CADFFF /* ExploreViewController.swift in Sources */ = {isa = PBXBuildFile; fileRef = A99214C424EDEEB000CADFFF /* ExploreViewController.swift */; };
		A99214C724EDEECF00CADFFF /* CameraViewController.swift in Sources */ = {isa = PBXBuildFile; fileRef = A99214C624EDEECF00CADFFF /* CameraViewController.swift */; };
		A99214C924EDEEE300CADFFF /* NotificationsViewController.swift in Sources */ = {isa = PBXBuildFile; fileRef = A99214C824EDEEE300CADFFF /* NotificationsViewController.swift */; };
		A99214CB24EDEEED00CADFFF /* ProfileViewController.swift in Sources */ = {isa = PBXBuildFile; fileRef = A99214CA24EDEEED00CADFFF /* ProfileViewController.swift */; };
		A99214D024EDEFD000CADFFF /* LoginViewController.swift in Sources */ = {isa = PBXBuildFile; fileRef = A99214CF24EDEFD000CADFFF /* LoginViewController.swift */; };
		A99214D224EDEFE100CADFFF /* RegistrationViewController.swift in Sources */ = {isa = PBXBuildFile; fileRef = A99214D124EDEFE100CADFFF /* RegistrationViewController.swift */; };
		A99214D424EDEFFC00CADFFF /* PostViewController.swift in Sources */ = {isa = PBXBuildFile; fileRef = A99214D324EDEFFC00CADFFF /* PostViewController.swift */; };
		A99214D624EDF01700CADFFF /* EditProfileViewController.swift in Sources */ = {isa = PBXBuildFile; fileRef = A99214D524EDF01700CADFFF /* EditProfileViewController.swift */; };
		A99214D824EDF02400CADFFF /* SettingsViewController.swift in Sources */ = {isa = PBXBuildFile; fileRef = A99214D724EDF02400CADFFF /* SettingsViewController.swift */; };
		A99214DA24EDF03400CADFFF /* ListViewController.swift in Sources */ = {isa = PBXBuildFile; fileRef = A99214D924EDF03400CADFFF /* ListViewController.swift */; };
		A99214DC24EDF04300CADFFF /* SearchViewController.swift in Sources */ = {isa = PBXBuildFile; fileRef = A99214DB24EDF04300CADFFF /* SearchViewController.swift */; };
		A99214DE24EDF04F00CADFFF /* SearchResultViewController.swift in Sources */ = {isa = PBXBuildFile; fileRef = A99214DD24EDF04F00CADFFF /* SearchResultViewController.swift */; };
		A99214E024EDF07300CADFFF /* PostEditorViewController.swift in Sources */ = {isa = PBXBuildFile; fileRef = A99214DF24EDF07300CADFFF /* PostEditorViewController.swift */; };
		A99214E224EDF08100CADFFF /* PublishPostViewController.swift in Sources */ = {isa = PBXBuildFile; fileRef = A99214E124EDF08100CADFFF /* PublishPostViewController.swift */; };
/* End PBXBuildFile section */

/* Begin PBXFileReference section */
		08B44DE1E6A027FBA9377188 /* Pods-Instagram.release.xcconfig */ = {isa = PBXFileReference; includeInIndex = 1; lastKnownFileType = text.xcconfig; name = "Pods-Instagram.release.xcconfig"; path = "Target Support Files/Pods-Instagram/Pods-Instagram.release.xcconfig"; sourceTree = "<group>"; };
		4B132D4D6D8CCAE2FF3797EA /* Pods_Instagram.framework */ = {isa = PBXFileReference; explicitFileType = wrapper.framework; includeInIndex = 0; path = Pods_Instagram.framework; sourceTree = BUILT_PRODUCTS_DIR; };
		80A6E99D2C48366C0FD72407 /* Pods-Instagram.debug.xcconfig */ = {isa = PBXFileReference; includeInIndex = 1; lastKnownFileType = text.xcconfig; name = "Pods-Instagram.debug.xcconfig"; path = "Target Support Files/Pods-Instagram/Pods-Instagram.debug.xcconfig"; sourceTree = "<group>"; };
		A95C0F5124EE207F005A1800 /* GoogleService-Info.plist */ = {isa = PBXFileReference; fileEncoding = 4; lastKnownFileType = text.plist.xml; path = "GoogleService-Info.plist"; sourceTree = "<group>"; };
		A97CB2CC24EE288B0045F381 /* DatabaseManager.swift */ = {isa = PBXFileReference; lastKnownFileType = sourcecode.swift; path = DatabaseManager.swift; sourceTree = "<group>"; };
		A97CB2CE24EE29450045F381 /* AuthManager.swift */ = {isa = PBXFileReference; lastKnownFileType = sourcecode.swift; path = AuthManager.swift; sourceTree = "<group>"; };
		A97CB2D024EE2AE20045F381 /* StorageManager.swift */ = {isa = PBXFileReference; lastKnownFileType = sourcecode.swift; path = StorageManager.swift; sourceTree = "<group>"; };
		A97CB2D224EF8D080045F381 /* Extensions.swift */ = {isa = PBXFileReference; lastKnownFileType = sourcecode.swift; path = Extensions.swift; sourceTree = "<group>"; };
		A99214A724EDC1D600CADFFF /* Instagram.app */ = {isa = PBXFileReference; explicitFileType = wrapper.application; includeInIndex = 0; path = Instagram.app; sourceTree = BUILT_PRODUCTS_DIR; };
		A99214AA24EDC1D600CADFFF /* AppDelegate.swift */ = {isa = PBXFileReference; lastKnownFileType = sourcecode.swift; path = AppDelegate.swift; sourceTree = "<group>"; };
		A99214AC24EDC1D600CADFFF /* SceneDelegate.swift */ = {isa = PBXFileReference; lastKnownFileType = sourcecode.swift; path = SceneDelegate.swift; sourceTree = "<group>"; };
		A99214AE24EDC1D600CADFFF /* HomeViewController.swift */ = {isa = PBXFileReference; lastKnownFileType = sourcecode.swift; path = HomeViewController.swift; sourceTree = "<group>"; };
		A99214B124EDC1D600CADFFF /* Base */ = {isa = PBXFileReference; lastKnownFileType = file.storyboard; name = Base; path = Base.lproj/Main.storyboard; sourceTree = "<group>"; };
		A99214B324EDC1D600CADFFF /* Assets.xcassets */ = {isa = PBXFileReference; lastKnownFileType = folder.assetcatalog; path = Assets.xcassets; sourceTree = "<group>"; };
		A99214B624EDC1D600CADFFF /* Base */ = {isa = PBXFileReference; lastKnownFileType = file.storyboard; name = Base; path = Base.lproj/LaunchScreen.storyboard; sourceTree = "<group>"; };
		A99214B824EDC1D600CADFFF /* Info.plist */ = {isa = PBXFileReference; lastKnownFileType = text.plist.xml; path = Info.plist; sourceTree = "<group>"; };
		A99214C424EDEEB000CADFFF /* ExploreViewController.swift */ = {isa = PBXFileReference; lastKnownFileType = sourcecode.swift; path = ExploreViewController.swift; sourceTree = "<group>"; };
		A99214C624EDEECF00CADFFF /* CameraViewController.swift */ = {isa = PBXFileReference; lastKnownFileType = sourcecode.swift; path = CameraViewController.swift; sourceTree = "<group>"; };
		A99214C824EDEEE300CADFFF /* NotificationsViewController.swift */ = {isa = PBXFileReference; lastKnownFileType = sourcecode.swift; path = NotificationsViewController.swift; sourceTree = "<group>"; };
		A99214CA24EDEEED00CADFFF /* ProfileViewController.swift */ = {isa = PBXFileReference; lastKnownFileType = sourcecode.swift; path = ProfileViewController.swift; sourceTree = "<group>"; };
		A99214CF24EDEFD000CADFFF /* LoginViewController.swift */ = {isa = PBXFileReference; lastKnownFileType = sourcecode.swift; path = LoginViewController.swift; sourceTree = "<group>"; };
		A99214D124EDEFE100CADFFF /* RegistrationViewController.swift */ = {isa = PBXFileReference; lastKnownFileType = sourcecode.swift; path = RegistrationViewController.swift; sourceTree = "<group>"; };
		A99214D324EDEFFC00CADFFF /* PostViewController.swift */ = {isa = PBXFileReference; lastKnownFileType = sourcecode.swift; path = PostViewController.swift; sourceTree = "<group>"; };
		A99214D524EDF01700CADFFF /* EditProfileViewController.swift */ = {isa = PBXFileReference; lastKnownFileType = sourcecode.swift; path = EditProfileViewController.swift; sourceTree = "<group>"; };
		A99214D724EDF02400CADFFF /* SettingsViewController.swift */ = {isa = PBXFileReference; lastKnownFileType = sourcecode.swift; path = SettingsViewController.swift; sourceTree = "<group>"; };
		A99214D924EDF03400CADFFF /* ListViewController.swift */ = {isa = PBXFileReference; lastKnownFileType = sourcecode.swift; path = ListViewController.swift; sourceTree = "<group>"; };
		A99214DB24EDF04300CADFFF /* SearchViewController.swift */ = {isa = PBXFileReference; lastKnownFileType = sourcecode.swift; path = SearchViewController.swift; sourceTree = "<group>"; };
		A99214DD24EDF04F00CADFFF /* SearchResultViewController.swift */ = {isa = PBXFileReference; lastKnownFileType = sourcecode.swift; path = SearchResultViewController.swift; sourceTree = "<group>"; };
		A99214DF24EDF07300CADFFF /* PostEditorViewController.swift */ = {isa = PBXFileReference; lastKnownFileType = sourcecode.swift; path = PostEditorViewController.swift; sourceTree = "<group>"; };
		A99214E124EDF08100CADFFF /* PublishPostViewController.swift */ = {isa = PBXFileReference; lastKnownFileType = sourcecode.swift; path = PublishPostViewController.swift; sourceTree = "<group>"; };
/* End PBXFileReference section */

/* Begin PBXFrameworksBuildPhase section */
		A99214A424EDC1D600CADFFF /* Frameworks */ = {
			isa = PBXFrameworksBuildPhase;
			buildActionMask = 2147483647;
			files = (
				6454477F4F41F937264BF394 /* Pods_Instagram.framework in Frameworks */,
			);
			runOnlyForDeploymentPostprocessing = 0;
		};
/* End PBXFrameworksBuildPhase section */

/* Begin PBXGroup section */
		6D28702DFDE2E3CA94B1437D /* Frameworks */ = {
			isa = PBXGroup;
			children = (
				4B132D4D6D8CCAE2FF3797EA /* Pods_Instagram.framework */,
			);
			name = Frameworks;
			sourceTree = "<group>";
		};
		A97CB2CB24EE279A0045F381 /* General */ = {
			isa = PBXGroup;
			children = (
				A99214D524EDF01700CADFFF /* EditProfileViewController.swift */,
				A99214D324EDEFFC00CADFFF /* PostViewController.swift */,
				A99214D724EDF02400CADFFF /* SettingsViewController.swift */,
				A99214DD24EDF04F00CADFFF /* SearchResultViewController.swift */,
				A99214DF24EDF07300CADFFF /* PostEditorViewController.swift */,
				A99214E124EDF08100CADFFF /* PublishPostViewController.swift */,
				A99214DB24EDF04300CADFFF /* SearchViewController.swift */,
				A99214D924EDF03400CADFFF /* ListViewController.swift */,
			);
			path = General;
			sourceTree = "<group>";
		};
		A992149E24EDC1D600CADFFF = {
			isa = PBXGroup;
			children = (
				A99214A924EDC1D600CADFFF /* Instagram */,
				A99214A824EDC1D600CADFFF /* Products */,
				F063AA778CE4A4836732CE02 /* Pods */,
				6D28702DFDE2E3CA94B1437D /* Frameworks */,
			);
			sourceTree = "<group>";
		};
		A99214A824EDC1D600CADFFF /* Products */ = {
			isa = PBXGroup;
			children = (
				A99214A724EDC1D600CADFFF /* Instagram.app */,
			);
			name = Products;
			sourceTree = "<group>";
		};
		A99214A924EDC1D600CADFFF /* Instagram */ = {
			isa = PBXGroup;
			children = (
				A99214C224EDEDEA00CADFFF /* Resources */,
				A99214C124EDEDE200CADFFF /* Models */,
				A99214C024EDEDD500CADFFF /* Views */,
				A99214CC24EDEF0A00CADFFF /* Controllers */,
				A99214B824EDC1D600CADFFF /* Info.plist */,
			);
			path = Instagram;
			sourceTree = "<group>";
		};
		A99214BF24EDEDCC00CADFFF /* Core Tabs */ = {
			isa = PBXGroup;
			children = (
				A99214AE24EDC1D600CADFFF /* HomeViewController.swift */,
				A99214C424EDEEB000CADFFF /* ExploreViewController.swift */,
				A99214C624EDEECF00CADFFF /* CameraViewController.swift */,
				A99214C824EDEEE300CADFFF /* NotificationsViewController.swift */,
				A99214CA24EDEEED00CADFFF /* ProfileViewController.swift */,
			);
			path = "Core Tabs";
			sourceTree = "<group>";
		};
		A99214C024EDEDD500CADFFF /* Views */ = {
			isa = PBXGroup;
			children = (
				A99214B324EDC1D600CADFFF /* Assets.xcassets */,
				A99214C324EDEE2900CADFFF /* Storyboards */,
			);
			path = Views;
			sourceTree = "<group>";
		};
		A99214C124EDEDE200CADFFF /* Models */ = {
			isa = PBXGroup;
			children = (
			);
			path = Models;
			sourceTree = "<group>";
		};
		A99214C224EDEDEA00CADFFF /* Resources */ = {
			isa = PBXGroup;
			children = (
				A95C0F5124EE207F005A1800 /* GoogleService-Info.plist */,
				A99214AC24EDC1D600CADFFF /* SceneDelegate.swift */,
				A99214AA24EDC1D600CADFFF /* AppDelegate.swift */,
				A97CB2CC24EE288B0045F381 /* DatabaseManager.swift */,
				A97CB2CE24EE29450045F381 /* AuthManager.swift */,
				A97CB2D024EE2AE20045F381 /* StorageManager.swift */,
				A97CB2D224EF8D080045F381 /* Extensions.swift */,
			);
			path = Resources;
			sourceTree = "<group>";
		};
		A99214C324EDEE2900CADFFF /* Storyboards */ = {
			isa = PBXGroup;
			children = (
				A99214B524EDC1D600CADFFF /* LaunchScreen.storyboard */,
				A99214B024EDC1D600CADFFF /* Main.storyboard */,
			);
			path = Storyboards;
			sourceTree = "<group>";
		};
		A99214CC24EDEF0A00CADFFF /* Controllers */ = {
			isa = PBXGroup;
			children = (
				A99214CD24EDEFB600CADFFF /* Other */,
				A99214BF24EDEDCC00CADFFF /* Core Tabs */,
			);
			path = Controllers;
			sourceTree = "<group>";
		};
		A99214CD24EDEFB600CADFFF /* Other */ = {
			isa = PBXGroup;
			children = (
				A97CB2CB24EE279A0045F381 /* General */,
				A99214CE24EDEFBB00CADFFF /* Onboarding */,
			);
			path = Other;
			sourceTree = "<group>";
		};
		A99214CE24EDEFBB00CADFFF /* Onboarding */ = {
			isa = PBXGroup;
			children = (
				A99214CF24EDEFD000CADFFF /* LoginViewController.swift */,
				A99214D124EDEFE100CADFFF /* RegistrationViewController.swift */,
			);
			path = Onboarding;
			sourceTree = "<group>";
		};
		F063AA778CE4A4836732CE02 /* Pods */ = {
			isa = PBXGroup;
			children = (
				80A6E99D2C48366C0FD72407 /* Pods-Instagram.debug.xcconfig */,
				08B44DE1E6A027FBA9377188 /* Pods-Instagram.release.xcconfig */,
			);
			path = Pods;
			sourceTree = "<group>";
		};
/* End PBXGroup section */

/* Begin PBXNativeTarget section */
		A99214A624EDC1D600CADFFF /* Instagram */ = {
			isa = PBXNativeTarget;
			buildConfigurationList = A99214BB24EDC1D600CADFFF /* Build configuration list for PBXNativeTarget "Instagram" */;
			buildPhases = (
				05B83EBC83267E008664AC78 /* [CP] Check Pods Manifest.lock */,
				A99214A324EDC1D600CADFFF /* Sources */,
				A99214A424EDC1D600CADFFF /* Frameworks */,
				A99214A524EDC1D600CADFFF /* Resources */,
				C71FC2CC72A3BB7ECEABC212 /* [CP] Embed Pods Frameworks */,
			);
			buildRules = (
			);
			dependencies = (
			);
			name = Instagram;
			productName = Instagram;
			productReference = A99214A724EDC1D600CADFFF /* Instagram.app */;
			productType = "com.apple.product-type.application";
		};
/* End PBXNativeTarget section */

/* Begin PBXProject section */
		A992149F24EDC1D600CADFFF /* Project object */ = {
			isa = PBXProject;
			attributes = {
				LastSwiftUpdateCheck = 1160;
				LastUpgradeCheck = 1160;
				ORGANIZATIONNAME = "Nikita Kalje";
				TargetAttributes = {
					A99214A624EDC1D600CADFFF = {
						CreatedOnToolsVersion = 11.6;
					};
				};
			};
			buildConfigurationList = A99214A224EDC1D600CADFFF /* Build configuration list for PBXProject "Instagram" */;
			compatibilityVersion = "Xcode 9.3";
			developmentRegion = en;
			hasScannedForEncodings = 0;
			knownRegions = (
				en,
				Base,
			);
			mainGroup = A992149E24EDC1D600CADFFF;
			productRefGroup = A99214A824EDC1D600CADFFF /* Products */;
			projectDirPath = "";
			projectRoot = "";
			targets = (
				A99214A624EDC1D600CADFFF /* Instagram */,
			);
		};
/* End PBXProject section */

/* Begin PBXResourcesBuildPhase section */
		A99214A524EDC1D600CADFFF /* Resources */ = {
			isa = PBXResourcesBuildPhase;
			buildActionMask = 2147483647;
			files = (
				A99214B724EDC1D600CADFFF /* LaunchScreen.storyboard in Resources */,
				A95C0F5224EE207F005A1800 /* GoogleService-Info.plist in Resources */,
				A99214B424EDC1D600CADFFF /* Assets.xcassets in Resources */,
				A99214B224EDC1D600CADFFF /* Main.storyboard in Resources */,
			);
			runOnlyForDeploymentPostprocessing = 0;
		};
/* End PBXResourcesBuildPhase section */

/* Begin PBXShellScriptBuildPhase section */
		05B83EBC83267E008664AC78 /* [CP] Check Pods Manifest.lock */ = {
			isa = PBXShellScriptBuildPhase;
			buildActionMask = 2147483647;
			files = (
			);
			inputFileListPaths = (
			);
			inputPaths = (
				"${PODS_PODFILE_DIR_PATH}/Podfile.lock",
				"${PODS_ROOT}/Manifest.lock",
			);
			name = "[CP] Check Pods Manifest.lock";
			outputFileListPaths = (
			);
			outputPaths = (
				"$(DERIVED_FILE_DIR)/Pods-Instagram-checkManifestLockResult.txt",
			);
			runOnlyForDeploymentPostprocessing = 0;
			shellPath = /bin/sh;
			shellScript = "diff \"${PODS_PODFILE_DIR_PATH}/Podfile.lock\" \"${PODS_ROOT}/Manifest.lock\" > /dev/null\nif [ $? != 0 ] ; then\n    # print error to STDERR\n    echo \"error: The sandbox is not in sync with the Podfile.lock. Run 'pod install' or update your CocoaPods installation.\" >&2\n    exit 1\nfi\n# This output is used by Xcode 'outputs' to avoid re-running this script phase.\necho \"SUCCESS\" > \"${SCRIPT_OUTPUT_FILE_0}\"\n";
			showEnvVarsInLog = 0;
		};
		C71FC2CC72A3BB7ECEABC212 /* [CP] Embed Pods Frameworks */ = {
			isa = PBXShellScriptBuildPhase;
			buildActionMask = 2147483647;
			files = (
			);
			inputFileListPaths = (
				"${PODS_ROOT}/Target Support Files/Pods-Instagram/Pods-Instagram-frameworks-${CONFIGURATION}-input-files.xcfilelist",
			);
			name = "[CP] Embed Pods Frameworks";
			outputFileListPaths = (
				"${PODS_ROOT}/Target Support Files/Pods-Instagram/Pods-Instagram-frameworks-${CONFIGURATION}-output-files.xcfilelist",
			);
			runOnlyForDeploymentPostprocessing = 0;
			shellPath = /bin/sh;
			shellScript = "\"${PODS_ROOT}/Target Support Files/Pods-Instagram/Pods-Instagram-frameworks.sh\"\n";
			showEnvVarsInLog = 0;
		};
/* End PBXShellScriptBuildPhase section */

/* Begin PBXSourcesBuildPhase section */
		A99214A324EDC1D600CADFFF /* Sources */ = {
			isa = PBXSourcesBuildPhase;
			buildActionMask = 2147483647;
			files = (
				A99214D624EDF01700CADFFF /* EditProfileViewController.swift in Sources */,
				A99214C524EDEEB000CADFFF /* ExploreViewController.swift in Sources */,
				A99214E224EDF08100CADFFF /* PublishPostViewController.swift in Sources */,
				A99214C724EDEECF00CADFFF /* CameraViewController.swift in Sources */,
				A99214AF24EDC1D600CADFFF /* HomeViewController.swift in Sources */,
				A99214D224EDEFE100CADFFF /* RegistrationViewController.swift in Sources */,
				A99214E024EDF07300CADFFF /* PostEditorViewController.swift in Sources */,
				A97CB2D124EE2AE20045F381 /* StorageManager.swift in Sources */,
				A99214D424EDEFFC00CADFFF /* PostViewController.swift in Sources */,
				A97CB2CD24EE288B0045F381 /* DatabaseManager.swift in Sources */,
				A99214C924EDEEE300CADFFF /* NotificationsViewController.swift in Sources */,
				A99214DE24EDF04F00CADFFF /* SearchResultViewController.swift in Sources */,
				A99214D024EDEFD000CADFFF /* LoginViewController.swift in Sources */,
				A97CB2D324EF8D080045F381 /* Extensions.swift in Sources */,
				A99214DC24EDF04300CADFFF /* SearchViewController.swift in Sources */,
				A99214CB24EDEEED00CADFFF /* ProfileViewController.swift in Sources */,
				A97CB2CF24EE29450045F381 /* AuthManager.swift in Sources */,
				A99214AB24EDC1D600CADFFF /* AppDelegate.swift in Sources */,
				A99214AD24EDC1D600CADFFF /* SceneDelegate.swift in Sources */,
				A99214DA24EDF03400CADFFF /* ListViewController.swift in Sources */,
				A99214D824EDF02400CADFFF /* SettingsViewController.swift in Sources */,
			);
			runOnlyForDeploymentPostprocessing = 0;
		};
/* End PBXSourcesBuildPhase section */

/* Begin PBXVariantGroup section */
		A99214B024EDC1D600CADFFF /* Main.storyboard */ = {
			isa = PBXVariantGroup;
			children = (
				A99214B124EDC1D600CADFFF /* Base */,
			);
			name = Main.storyboard;
			sourceTree = "<group>";
		};
		A99214B524EDC1D600CADFFF /* LaunchScreen.storyboard */ = {
			isa = PBXVariantGroup;
			children = (
				A99214B624EDC1D600CADFFF /* Base */,
			);
			name = LaunchScreen.storyboard;
			sourceTree = "<group>";
		};
/* End PBXVariantGroup section */

/* Begin XCBuildConfiguration section */
		A99214B924EDC1D600CADFFF /* Debug */ = {
			isa = XCBuildConfiguration;
			buildSettings = {
				ALWAYS_SEARCH_USER_PATHS = NO;
				CLANG_ANALYZER_NONNULL = YES;
				CLANG_ANALYZER_NUMBER_OBJECT_CONVERSION = YES_AGGRESSIVE;
				CLANG_CXX_LANGUAGE_STANDARD = "gnu++14";
				CLANG_CXX_LIBRARY = "libc++";
				CLANG_ENABLE_MODULES = YES;
				CLANG_ENABLE_OBJC_ARC = YES;
				CLANG_ENABLE_OBJC_WEAK = YES;
				CLANG_WARN_BLOCK_CAPTURE_AUTORELEASING = YES;
				CLANG_WARN_BOOL_CONVERSION = YES;
				CLANG_WARN_COMMA = YES;
				CLANG_WARN_CONSTANT_CONVERSION = YES;
				CLANG_WARN_DEPRECATED_OBJC_IMPLEMENTATIONS = YES;
				CLANG_WARN_DIRECT_OBJC_ISA_USAGE = YES_ERROR;
				CLANG_WARN_DOCUMENTATION_COMMENTS = YES;
				CLANG_WARN_EMPTY_BODY = YES;
				CLANG_WARN_ENUM_CONVERSION = YES;
				CLANG_WARN_INFINITE_RECURSION = YES;
				CLANG_WARN_INT_CONVERSION = YES;
				CLANG_WARN_NON_LITERAL_NULL_CONVERSION = YES;
				CLANG_WARN_OBJC_IMPLICIT_RETAIN_SELF = YES;
				CLANG_WARN_OBJC_LITERAL_CONVERSION = YES;
				CLANG_WARN_OBJC_ROOT_CLASS = YES_ERROR;
				CLANG_WARN_RANGE_LOOP_ANALYSIS = YES;
				CLANG_WARN_STRICT_PROTOTYPES = YES;
				CLANG_WARN_SUSPICIOUS_MOVE = YES;
				CLANG_WARN_UNGUARDED_AVAILABILITY = YES_AGGRESSIVE;
				CLANG_WARN_UNREACHABLE_CODE = YES;
				CLANG_WARN__DUPLICATE_METHOD_MATCH = YES;
				COPY_PHASE_STRIP = NO;
				DEBUG_INFORMATION_FORMAT = dwarf;
				ENABLE_STRICT_OBJC_MSGSEND = YES;
				ENABLE_TESTABILITY = YES;
				GCC_C_LANGUAGE_STANDARD = gnu11;
				GCC_DYNAMIC_NO_PIC = NO;
				GCC_NO_COMMON_BLOCKS = YES;
				GCC_OPTIMIZATION_LEVEL = 0;
				GCC_PREPROCESSOR_DEFINITIONS = (
					"DEBUG=1",
					"$(inherited)",
				);
				GCC_WARN_64_TO_32_BIT_CONVERSION = YES;
				GCC_WARN_ABOUT_RETURN_TYPE = YES_ERROR;
				GCC_WARN_UNDECLARED_SELECTOR = YES;
				GCC_WARN_UNINITIALIZED_AUTOS = YES_AGGRESSIVE;
				GCC_WARN_UNUSED_FUNCTION = YES;
				GCC_WARN_UNUSED_VARIABLE = YES;
				IPHONEOS_DEPLOYMENT_TARGET = 13.6;
				MTL_ENABLE_DEBUG_INFO = INCLUDE_SOURCE;
				MTL_FAST_MATH = YES;
				ONLY_ACTIVE_ARCH = YES;
				SDKROOT = iphoneos;
				SWIFT_ACTIVE_COMPILATION_CONDITIONS = DEBUG;
				SWIFT_OPTIMIZATION_LEVEL = "-Onone";
			};
			name = Debug;
		};
		A99214BA24EDC1D600CADFFF /* Release */ = {
			isa = XCBuildConfiguration;
			buildSettings = {
				ALWAYS_SEARCH_USER_PATHS = NO;
				CLANG_ANALYZER_NONNULL = YES;
				CLANG_ANALYZER_NUMBER_OBJECT_CONVERSION = YES_AGGRESSIVE;
				CLANG_CXX_LANGUAGE_STANDARD = "gnu++14";
				CLANG_CXX_LIBRARY = "libc++";
				CLANG_ENABLE_MODULES = YES;
				CLANG_ENABLE_OBJC_ARC = YES;
				CLANG_ENABLE_OBJC_WEAK = YES;
				CLANG_WARN_BLOCK_CAPTURE_AUTORELEASING = YES;
				CLANG_WARN_BOOL_CONVERSION = YES;
				CLANG_WARN_COMMA = YES;
				CLANG_WARN_CONSTANT_CONVERSION = YES;
				CLANG_WARN_DEPRECATED_OBJC_IMPLEMENTATIONS = YES;
				CLANG_WARN_DIRECT_OBJC_ISA_USAGE = YES_ERROR;
				CLANG_WARN_DOCUMENTATION_COMMENTS = YES;
				CLANG_WARN_EMPTY_BODY = YES;
				CLANG_WARN_ENUM_CONVERSION = YES;
				CLANG_WARN_INFINITE_RECURSION = YES;
				CLANG_WARN_INT_CONVERSION = YES;
				CLANG_WARN_NON_LITERAL_NULL_CONVERSION = YES;
				CLANG_WARN_OBJC_IMPLICIT_RETAIN_SELF = YES;
				CLANG_WARN_OBJC_LITERAL_CONVERSION = YES;
				CLANG_WARN_OBJC_ROOT_CLASS = YES_ERROR;
				CLANG_WARN_RANGE_LOOP_ANALYSIS = YES;
				CLANG_WARN_STRICT_PROTOTYPES = YES;
				CLANG_WARN_SUSPICIOUS_MOVE = YES;
				CLANG_WARN_UNGUARDED_AVAILABILITY = YES_AGGRESSIVE;
				CLANG_WARN_UNREACHABLE_CODE = YES;
				CLANG_WARN__DUPLICATE_METHOD_MATCH = YES;
				COPY_PHASE_STRIP = NO;
				DEBUG_INFORMATION_FORMAT = "dwarf-with-dsym";
				ENABLE_NS_ASSERTIONS = NO;
				ENABLE_STRICT_OBJC_MSGSEND = YES;
				GCC_C_LANGUAGE_STANDARD = gnu11;
				GCC_NO_COMMON_BLOCKS = YES;
				GCC_WARN_64_TO_32_BIT_CONVERSION = YES;
				GCC_WARN_ABOUT_RETURN_TYPE = YES_ERROR;
				GCC_WARN_UNDECLARED_SELECTOR = YES;
				GCC_WARN_UNINITIALIZED_AUTOS = YES_AGGRESSIVE;
				GCC_WARN_UNUSED_FUNCTION = YES;
				GCC_WARN_UNUSED_VARIABLE = YES;
				IPHONEOS_DEPLOYMENT_TARGET = 13.6;
				MTL_ENABLE_DEBUG_INFO = NO;
				MTL_FAST_MATH = YES;
				SDKROOT = iphoneos;
				SWIFT_COMPILATION_MODE = wholemodule;
				SWIFT_OPTIMIZATION_LEVEL = "-O";
				VALIDATE_PRODUCT = YES;
			};
			name = Release;
		};
		A99214BC24EDC1D600CADFFF /* Debug */ = {
			isa = XCBuildConfiguration;
			baseConfigurationReference = 80A6E99D2C48366C0FD72407 /* Pods-Instagram.debug.xcconfig */;
			buildSettings = {
				ASSETCATALOG_COMPILER_APPICON_NAME = AppIcon;
				CODE_SIGN_STYLE = Automatic;
				INFOPLIST_FILE = Instagram/Info.plist;
				IPHONEOS_DEPLOYMENT_TARGET = 13.0;
				LD_RUNPATH_SEARCH_PATHS = (
					"$(inherited)",
					"@executable_path/Frameworks",
				);
				PRODUCT_BUNDLE_IDENTIFIER = com.nikita.Instagram;
				PRODUCT_NAME = "$(TARGET_NAME)";
				SWIFT_VERSION = 5.0;
				TARGETED_DEVICE_FAMILY = "1,2";
			};
			name = Debug;
		};
		A99214BD24EDC1D600CADFFF /* Release */ = {
			isa = XCBuildConfiguration;
			baseConfigurationReference = 08B44DE1E6A027FBA9377188 /* Pods-Instagram.release.xcconfig */;
			buildSettings = {
				ASSETCATALOG_COMPILER_APPICON_NAME = AppIcon;
				CODE_SIGN_STYLE = Automatic;
				INFOPLIST_FILE = Instagram/Info.plist;
				IPHONEOS_DEPLOYMENT_TARGET = 13.0;
				LD_RUNPATH_SEARCH_PATHS = (
					"$(inherited)",
					"@executable_path/Frameworks",
				);
				PRODUCT_BUNDLE_IDENTIFIER = com.nikita.Instagram;
				PRODUCT_NAME = "$(TARGET_NAME)";
				SWIFT_VERSION = 5.0;
				TARGETED_DEVICE_FAMILY = "1,2";
			};
			name = Release;
		};
/* End XCBuildConfiguration section */

/* Begin XCConfigurationList section */
		A99214A224EDC1D600CADFFF /* Build configuration list for PBXProject "Instagram" */ = {
			isa = XCConfigurationList;
			buildConfigurations = (
				A99214B924EDC1D600CADFFF /* Debug */,
				A99214BA24EDC1D600CADFFF /* Release */,
			);
			defaultConfigurationIsVisible = 0;
			defaultConfigurationName = Release;
		};
		A99214BB24EDC1D600CADFFF /* Build configuration list for PBXNativeTarget "Instagram" */ = {
			isa = XCConfigurationList;
			buildConfigurations = (
				A99214BC24EDC1D600CADFFF /* Debug */,
				A99214BD24EDC1D600CADFFF /* Release */,
			);
			defaultConfigurationIsVisible = 0;
			defaultConfigurationName = Release;
		};
/* End XCConfigurationList section */
	};
	rootObject = A992149F24EDC1D600CADFFF /* Project object */;
}
